// !$*UTF8*$!
{
	archiveVersion = 1;
	classes = {
	};
	objectVersion = 50;
	objects = {

/* Begin PBXBuildFile section */
		80AE047A258B18D600D9870A /* Main.storyboard in Resources */ = {isa = PBXBuildFile; fileRef = 80AE0479258B18D600D9870A /* Main.storyboard */; };
		80C5DECE2579447500B3F097 /* AppDelegate.swift in Sources */ = {isa = PBXBuildFile; fileRef = 80C5DECD2579447500B3F097 /* AppDelegate.swift */; };
		80C5DED02579447500B3F097 /* SceneDelegate.swift in Sources */ = {isa = PBXBuildFile; fileRef = 80C5DECF2579447500B3F097 /* SceneDelegate.swift */; };
		80C5DED22579447500B3F097 /* ContentView.swift in Sources */ = {isa = PBXBuildFile; fileRef = 80C5DED12579447500B3F097 /* ContentView.swift */; };
		80C5DED42579447600B3F097 /* Assets.xcassets in Resources */ = {isa = PBXBuildFile; fileRef = 80C5DED32579447600B3F097 /* Assets.xcassets */; };
		80C5DED72579447600B3F097 /* Preview Assets.xcassets in Resources */ = {isa = PBXBuildFile; fileRef = 80C5DED62579447600B3F097 /* Preview Assets.xcassets */; };
		80C5DEDA2579447600B3F097 /* LaunchScreen.storyboard in Resources */ = {isa = PBXBuildFile; fileRef = 80C5DED82579447600B3F097 /* LaunchScreen.storyboard */; };
		80C5DEE52579447600B3F097 /* SwiftUI_IntroTests.swift in Sources */ = {isa = PBXBuildFile; fileRef = 80C5DEE42579447600B3F097 /* SwiftUI_IntroTests.swift */; };
		80C7C331257FEC560015DEC6 /* Counter.swift in Sources */ = {isa = PBXBuildFile; fileRef = 80C7C330257FEC560015DEC6 /* Counter.swift */; };
/* End PBXBuildFile section */

/* Begin PBXContainerItemProxy section */
		80C5DEE12579447600B3F097 /* PBXContainerItemProxy */ = {
			isa = PBXContainerItemProxy;
			containerPortal = 80C5DEC22579447500B3F097 /* Project object */;
			proxyType = 1;
			remoteGlobalIDString = 80C5DEC92579447500B3F097;
			remoteInfo = "SwiftUI-Intro";
		};
/* End PBXContainerItemProxy section */

/* Begin PBXFileReference section */
		80AE0479258B18D600D9870A /* Main.storyboard */ = {isa = PBXFileReference; lastKnownFileType = file.storyboard; path = Main.storyboard; sourceTree = "<group>"; };
		80C5DECA2579447500B3F097 /* SwiftUI-Intro.app */ = {isa = PBXFileReference; explicitFileType = wrapper.application; includeInIndex = 0; path = "SwiftUI-Intro.app"; sourceTree = BUILT_PRODUCTS_DIR; };
		80C5DECD2579447500B3F097 /* AppDelegate.swift */ = {isa = PBXFileReference; lastKnownFileType = sourcecode.swift; path = AppDelegate.swift; sourceTree = "<group>"; };
		80C5DECF2579447500B3F097 /* SceneDelegate.swift */ = {isa = PBXFileReference; lastKnownFileType = sourcecode.swift; path = SceneDelegate.swift; sourceTree = "<group>"; };
		80C5DED12579447500B3F097 /* ContentView.swift */ = {isa = PBXFileReference; lastKnownFileType = sourcecode.swift; path = ContentView.swift; sourceTree = "<group>"; };
		80C5DED32579447600B3F097 /* Assets.xcassets */ = {isa = PBXFileReference; lastKnownFileType = folder.assetcatalog; path = Assets.xcassets; sourceTree = "<group>"; };
		80C5DED62579447600B3F097 /* Preview Assets.xcassets */ = {isa = PBXFileReference; lastKnownFileType = folder.assetcatalog; path = "Preview Assets.xcassets"; sourceTree = "<group>"; };
		80C5DED92579447600B3F097 /* Base */ = {isa = PBXFileReference; lastKnownFileType = file.storyboard; name = Base; path = Base.lproj/LaunchScreen.storyboard; sourceTree = "<group>"; };
		80C5DEDB2579447600B3F097 /* Info.plist */ = {isa = PBXFileReference; lastKnownFileType = text.plist.xml; path = Info.plist; sourceTree = "<group>"; };
		80C5DEE02579447600B3F097 /* SwiftUI-IntroTests.xctest */ = {isa = PBXFileReference; explicitFileType = wrapper.cfbundle; includeInIndex = 0; path = "SwiftUI-IntroTests.xctest"; sourceTree = BUILT_PRODUCTS_DIR; };
		80C5DEE42579447600B3F097 /* SwiftUI_IntroTests.swift */ = {isa = PBXFileReference; lastKnownFileType = sourcecode.swift; path = SwiftUI_IntroTests.swift; sourceTree = "<group>"; };
		80C5DEE62579447600B3F097 /* Info.plist */ = {isa = PBXFileReference; lastKnownFileType = text.plist.xml; path = Info.plist; sourceTree = "<group>"; };
		80C7C330257FEC560015DEC6 /* Counter.swift */ = {isa = PBXFileReference; lastKnownFileType = sourcecode.swift; path = Counter.swift; sourceTree = "<group>"; };
/* End PBXFileReference section */

/* Begin PBXFrameworksBuildPhase section */
		80C5DEC72579447500B3F097 /* Frameworks */ = {
			isa = PBXFrameworksBuildPhase;
			buildActionMask = 2147483647;
			files = (
			);
			runOnlyForDeploymentPostprocessing = 0;
		};
		80C5DEDD2579447600B3F097 /* Frameworks */ = {
			isa = PBXFrameworksBuildPhase;
			buildActionMask = 2147483647;
			files = (
			);
			runOnlyForDeploymentPostprocessing = 0;
		};
/* End PBXFrameworksBuildPhase section */

/* Begin PBXGroup section */
		80C5DEC12579447500B3F097 = {
			isa = PBXGroup;
			children = (
				80C5DECC2579447500B3F097 /* SwiftUI-Intro */,
				80C5DEE32579447600B3F097 /* SwiftUI-IntroTests */,
				80C5DECB2579447500B3F097 /* Products */,
			);
			sourceTree = "<group>";
		};
		80C5DECB2579447500B3F097 /* Products */ = {
			isa = PBXGroup;
			children = (
				80C5DECA2579447500B3F097 /* SwiftUI-Intro.app */,
				80C5DEE02579447600B3F097 /* SwiftUI-IntroTests.xctest */,
			);
			name = Products;
			sourceTree = "<group>";
		};
		80C5DECC2579447500B3F097 /* SwiftUI-Intro */ = {
			isa = PBXGroup;
			children = (
				80C5DECD2579447500B3F097 /* AppDelegate.swift */,
				80C5DECF2579447500B3F097 /* SceneDelegate.swift */,
				80AE0479258B18D600D9870A /* Main.storyboard */,
				80C7C330257FEC560015DEC6 /* Counter.swift */,
				80C5DED12579447500B3F097 /* ContentView.swift */,
				80C5DED32579447600B3F097 /* Assets.xcassets */,
				80C5DED82579447600B3F097 /* LaunchScreen.storyboard */,
				80C5DEDB2579447600B3F097 /* Info.plist */,
				80C5DED52579447600B3F097 /* Preview Content */,
			);
			path = "SwiftUI-Intro";
			sourceTree = "<group>";
		};
		80C5DED52579447600B3F097 /* Preview Content */ = {
			isa = PBXGroup;
			children = (
				80C5DED62579447600B3F097 /* Preview Assets.xcassets */,
			);
			path = "Preview Content";
			sourceTree = "<group>";
		};
		80C5DEE32579447600B3F097 /* SwiftUI-IntroTests */ = {
			isa = PBXGroup;
			children = (
				80C5DEE42579447600B3F097 /* SwiftUI_IntroTests.swift */,
				80C5DEE62579447600B3F097 /* Info.plist */,
			);
			path = "SwiftUI-IntroTests";
			sourceTree = "<group>";
		};
/* End PBXGroup section */

/* Begin PBXNativeTarget section */
		80C5DEC92579447500B3F097 /* SwiftUI-Intro */ = {
			isa = PBXNativeTarget;
			buildConfigurationList = 80C5DEE92579447600B3F097 /* Build configuration list for PBXNativeTarget "SwiftUI-Intro" */;
			buildPhases = (
				80C5DEC62579447500B3F097 /* Sources */,
				80C5DEC72579447500B3F097 /* Frameworks */,
				80C5DEC82579447500B3F097 /* Resources */,
			);
			buildRules = (
			);
			dependencies = (
			);
			name = "SwiftUI-Intro";
			productName = "SwiftUI-Intro";
			productReference = 80C5DECA2579447500B3F097 /* SwiftUI-Intro.app */;
			productType = "com.apple.product-type.application";
		};
		80C5DEDF2579447600B3F097 /* SwiftUI-IntroTests */ = {
			isa = PBXNativeTarget;
			buildConfigurationList = 80C5DEEC2579447600B3F097 /* Build configuration list for PBXNativeTarget "SwiftUI-IntroTests" */;
			buildPhases = (
				80C5DEDC2579447600B3F097 /* Sources */,
				80C5DEDD2579447600B3F097 /* Frameworks */,
				80C5DEDE2579447600B3F097 /* Resources */,
			);
			buildRules = (
			);
			dependencies = (
				80C5DEE22579447600B3F097 /* PBXTargetDependency */,
			);
			name = "SwiftUI-IntroTests";
			productName = "SwiftUI-IntroTests";
			productReference = 80C5DEE02579447600B3F097 /* SwiftUI-IntroTests.xctest */;
			productType = "com.apple.product-type.bundle.unit-test";
		};
/* End PBXNativeTarget section */

/* Begin PBXProject section */
		80C5DEC22579447500B3F097 /* Project object */ = {
			isa = PBXProject;
			attributes = {
				LastSwiftUpdateCheck = 1140;
				LastUpgradeCheck = 1140;
				ORGANIZATIONNAME = "Maitree Bain";
				TargetAttributes = {
					80C5DEC92579447500B3F097 = {
						CreatedOnToolsVersion = 11.4.1;
					};
					80C5DEDF2579447600B3F097 = {
						CreatedOnToolsVersion = 11.4.1;
						TestTargetID = 80C5DEC92579447500B3F097;
					};
				};
			};
			buildConfigurationList = 80C5DEC52579447500B3F097 /* Build configuration list for PBXProject "SwiftUI-Intro" */;
			compatibilityVersion = "Xcode 9.3";
			developmentRegion = en;
			hasScannedForEncodings = 0;
			knownRegions = (
				en,
				Base,
			);
			mainGroup = 80C5DEC12579447500B3F097;
			productRefGroup = 80C5DECB2579447500B3F097 /* Products */;
			projectDirPath = "";
			projectRoot = "";
			targets = (
				80C5DEC92579447500B3F097 /* SwiftUI-Intro */,
				80C5DEDF2579447600B3F097 /* SwiftUI-IntroTests */,
			);
		};
/* End PBXProject section */

/* Begin PBXResourcesBuildPhase section */
		80C5DEC82579447500B3F097 /* Resources */ = {
			isa = PBXResourcesBuildPhase;
			buildActionMask = 2147483647;
			files = (
				80C5DEDA2579447600B3F097 /* LaunchScreen.storyboard in Resources */,
				80C5DED72579447600B3F097 /* Preview Assets.xcassets in Resources */,
				80C5DED42579447600B3F097 /* Assets.xcassets in Resources */,
				80AE047A258B18D600D9870A /* Main.storyboard in Resources */,
			);
			runOnlyForDeploymentPostprocessing = 0;
		};
		80C5DEDE2579447600B3F097 /* Resources */ = {
			isa = PBXResourcesBuildPhase;
			buildActionMask = 2147483647;
			files = (
			);
			runOnlyForDeploymentPostprocessing = 0;
		};
/* End PBXResourcesBuildPhase section */

/* Begin PBXSourcesBuildPhase section */
		80C5DEC62579447500B3F097 /* Sources */ = {
			isa = PBXSourcesBuildPhase;
			buildActionMask = 2147483647;
			files = (
				80C7C331257FEC560015DEC6 /* Counter.swift in Sources */,
				80C5DECE2579447500B3F097 /* AppDelegate.swift in Sources */,
				80C5DED02579447500B3F097 /* SceneDelegate.swift in Sources */,
				80C5DED22579447500B3F097 /* ContentView.swift in Sources */,
			);
			runOnlyForDeploymentPostprocessing = 0;
		};
		80C5DEDC2579447600B3F097 /* Sources */ = {
			isa = PBXSourcesBuildPhase;
			buildActionMask = 2147483647;
			files = (
				80C5DEE52579447600B3F097 /* SwiftUI_IntroTests.swift in Sources */,
			);
			runOnlyForDeploymentPostprocessing = 0;
		};
/* End PBXSourcesBuildPhase section */

/* Begin PBXTargetDependency section */
		80C5DEE22579447600B3F097 /* PBXTargetDependency */ = {
			isa = PBXTargetDependency;
			target = 80C5DEC92579447500B3F097 /* SwiftUI-Intro */;
			targetProxy = 80C5DEE12579447600B3F097 /* PBXContainerItemProxy */;
		};
/* End PBXTargetDependency section */

/* Begin PBXVariantGroup section */
		80C5DED82579447600B3F097 /* LaunchScreen.storyboard */ = {
			isa = PBXVariantGroup;
			children = (
				80C5DED92579447600B3F097 /* Base */,
			);
			name = LaunchScreen.storyboard;
			sourceTree = "<group>";
		};
/* End PBXVariantGroup section */

/* Begin XCBuildConfiguration section */
		80C5DEE72579447600B3F097 /* Debug */ = {
			isa = XCBuildConfiguration;
			buildSettings = {
				ALWAYS_SEARCH_USER_PATHS = NO;
				CLANG_ANALYZER_NONNULL = YES;
				CLANG_ANALYZER_NUMBER_OBJECT_CONVERSION = YES_AGGRESSIVE;
				CLANG_CXX_LANGUAGE_STANDARD = "gnu++14";
				CLANG_CXX_LIBRARY = "libc++";
				CLANG_ENABLE_MODULES = YES;
				CLANG_ENABLE_OBJC_ARC = YES;
				CLANG_ENABLE_OBJC_WEAK = YES;
				CLANG_WARN_BLOCK_CAPTURE_AUTORELEASING = YES;
				CLANG_WARN_BOOL_CONVERSION = YES;
				CLANG_WARN_COMMA = YES;
				CLANG_WARN_CONSTANT_CONVERSION = YES;
				CLANG_WARN_DEPRECATED_OBJC_IMPLEMENTATIONS = YES;
				CLANG_WARN_DIRECT_OBJC_ISA_USAGE = YES_ERROR;
				CLANG_WARN_DOCUMENTATION_COMMENTS = YES;
				CLANG_WARN_EMPTY_BODY = YES;
				CLANG_WARN_ENUM_CONVERSION = YES;
				CLANG_WARN_INFINITE_RECURSION = YES;
				CLANG_WARN_INT_CONVERSION = YES;
				CLANG_WARN_NON_LITERAL_NULL_CONVERSION = YES;
				CLANG_WARN_OBJC_IMPLICIT_RETAIN_SELF = YES;
				CLANG_WARN_OBJC_LITERAL_CONVERSION = YES;
				CLANG_WARN_OBJC_ROOT_CLASS = YES_ERROR;
				CLANG_WARN_RANGE_LOOP_ANALYSIS = YES;
				CLANG_WARN_STRICT_PROTOTYPES = YES;
				CLANG_WARN_SUSPICIOUS_MOVE = YES;
				CLANG_WARN_UNGUARDED_AVAILABILITY = YES_AGGRESSIVE;
				CLANG_WARN_UNREACHABLE_CODE = YES;
				CLANG_WARN__DUPLICATE_METHOD_MATCH = YES;
				COPY_PHASE_STRIP = NO;
				DEBUG_INFORMATION_FORMAT = dwarf;
				ENABLE_STRICT_OBJC_MSGSEND = YES;
				ENABLE_TESTABILITY = YES;
				GCC_C_LANGUAGE_STANDARD = gnu11;
				GCC_DYNAMIC_NO_PIC = NO;
				GCC_NO_COMMON_BLOCKS = YES;
				GCC_OPTIMIZATION_LEVEL = 0;
				GCC_PREPROCESSOR_DEFINITIONS = (
					"DEBUG=1",
					"$(inherited)",
				);
				GCC_WARN_64_TO_32_BIT_CONVERSION = YES;
				GCC_WARN_ABOUT_RETURN_TYPE = YES_ERROR;
				GCC_WARN_UNDECLARED_SELECTOR = YES;
				GCC_WARN_UNINITIALIZED_AUTOS = YES_AGGRESSIVE;
				GCC_WARN_UNUSED_FUNCTION = YES;
				GCC_WARN_UNUSED_VARIABLE = YES;
				IPHONEOS_DEPLOYMENT_TARGET = 13.4;
				MTL_ENABLE_DEBUG_INFO = INCLUDE_SOURCE;
				MTL_FAST_MATH = YES;
				ONLY_ACTIVE_ARCH = YES;
				SDKROOT = iphoneos;
				SWIFT_ACTIVE_COMPILATION_CONDITIONS = DEBUG;
				SWIFT_OPTIMIZATION_LEVEL = "-Onone";
			};
			name = Debug;
		};
		80C5DEE82579447600B3F097 /* Release */ = {
			isa = XCBuildConfiguration;
			buildSettings = {
				ALWAYS_SEARCH_USER_PATHS = NO;
				CLANG_ANALYZER_NONNULL = YES;
				CLANG_ANALYZER_NUMBER_OBJECT_CONVERSION = YES_AGGRESSIVE;
				CLANG_CXX_LANGUAGE_STANDARD = "gnu++14";
				CLANG_CXX_LIBRARY = "libc++";
				CLANG_ENABLE_MODULES = YES;
				CLANG_ENABLE_OBJC_ARC = YES;
				CLANG_ENABLE_OBJC_WEAK = YES;
				CLANG_WARN_BLOCK_CAPTURE_AUTORELEASING = YES;
				CLANG_WARN_BOOL_CONVERSION = YES;
				CLANG_WARN_COMMA = YES;
				CLANG_WARN_CONSTANT_CONVERSION = YES;
				CLANG_WARN_DEPRECATED_OBJC_IMPLEMENTATIONS = YES;
				CLANG_WARN_DIRECT_OBJC_ISA_USAGE = YES_ERROR;
				CLANG_WARN_DOCUMENTATION_COMMENTS = YES;
				CLANG_WARN_EMPTY_BODY = YES;
				CLANG_WARN_ENUM_CONVERSION = YES;
				CLANG_WARN_INFINITE_RECURSION = YES;
				CLANG_WARN_INT_CONVERSION = YES;
				CLANG_WARN_NON_LITERAL_NULL_CONVERSION = YES;
				CLANG_WARN_OBJC_IMPLICIT_RETAIN_SELF = YES;
				CLANG_WARN_OBJC_LITERAL_CONVERSION = YES;
				CLANG_WARN_OBJC_ROOT_CLASS = YES_ERROR;
				CLANG_WARN_RANGE_LOOP_ANALYSIS = YES;
				CLANG_WARN_STRICT_PROTOTYPES = YES;
				CLANG_WARN_SUSPICIOUS_MOVE = YES;
				CLANG_WARN_UNGUARDED_AVAILABILITY = YES_AGGRESSIVE;
				CLANG_WARN_UNREACHABLE_CODE = YES;
				CLANG_WARN__DUPLICATE_METHOD_MATCH = YES;
				COPY_PHASE_STRIP = NO;
				DEBUG_INFORMATION_FORMAT = "dwarf-with-dsym";
				ENABLE_NS_ASSERTIONS = NO;
				ENABLE_STRICT_OBJC_MSGSEND = YES;
				GCC_C_LANGUAGE_STANDARD = gnu11;
				GCC_NO_COMMON_BLOCKS = YES;
				GCC_WARN_64_TO_32_BIT_CONVERSION = YES;
				GCC_WARN_ABOUT_RETURN_TYPE = YES_ERROR;
				GCC_WARN_UNDECLARED_SELECTOR = YES;
				GCC_WARN_UNINITIALIZED_AUTOS = YES_AGGRESSIVE;
				GCC_WARN_UNUSED_FUNCTION = YES;
				GCC_WARN_UNUSED_VARIABLE = YES;
				IPHONEOS_DEPLOYMENT_TARGET = 13.4;
				MTL_ENABLE_DEBUG_INFO = NO;
				MTL_FAST_MATH = YES;
				SDKROOT = iphoneos;
				SWIFT_COMPILATION_MODE = wholemodule;
				SWIFT_OPTIMIZATION_LEVEL = "-O";
				VALIDATE_PRODUCT = YES;
			};
			name = Release;
		};
		80C5DEEA2579447600B3F097 /* Debug */ = {
			isa = XCBuildConfiguration;
			buildSettings = {
				ASSETCATALOG_COMPILER_APPICON_NAME = AppIcon;
				CODE_SIGN_STYLE = Automatic;
				DEVELOPMENT_ASSET_PATHS = "\"SwiftUI-Intro/Preview Content\"";
				DEVELOPMENT_TEAM = P547T297G7;
				ENABLE_PREVIEWS = YES;
				INFOPLIST_FILE = "SwiftUI-Intro/Info.plist";
				LD_RUNPATH_SEARCH_PATHS = (
					"$(inherited)",
					"@executable_path/Frameworks",
				);
				PRODUCT_BUNDLE_IDENTIFIER = "com.MaitreeBain.SwiftUI-Intro";
				PRODUCT_NAME = "$(TARGET_NAME)";
				SWIFT_VERSION = 5.0;
				TARGETED_DEVICE_FAMILY = "1,2";
			};
			name = Debug;
		};
		80C5DEEB2579447600B3F097 /* Release */ = {
			isa = XCBuildConfiguration;
			buildSettings = {
				ASSETCATALOG_COMPILER_APPICON_NAME = AppIcon;
				CODE_SIGN_STYLE = Automatic;
				DEVELOPMENT_ASSET_PATHS = "\"SwiftUI-Intro/Preview Content\"";
				DEVELOPMENT_TEAM = P547T297G7;
				ENABLE_PREVIEWS = YES;
				INFOPLIST_FILE = "SwiftUI-Intro/Info.plist";
				LD_RUNPATH_SEARCH_PATHS = (
					"$(inherited)",
					"@executable_path/Frameworks",
				);
				PRODUCT_BUNDLE_IDENTIFIER = "com.MaitreeBain.SwiftUI-Intro";
				PRODUCT_NAME = "$(TARGET_NAME)";
				SWIFT_VERSION = 5.0;
				TARGETED_DEVICE_FAMILY = "1,2";
			};
			name = Release;
		};
		80C5DEED2579447600B3F097 /* Debug */ = {
			isa = XCBuildConfiguration;
			buildSettings = {
				ALWAYS_EMBED_SWIFT_STANDARD_LIBRARIES = YES;
				BUNDLE_LOADER = "$(TEST_HOST)";
				CODE_SIGN_STYLE = Automatic;
				DEVELOPMENT_TEAM = P547T297G7;
				INFOPLIST_FILE = "SwiftUI-IntroTests/Info.plist";
				IPHONEOS_DEPLOYMENT_TARGET = 13.4;
				LD_RUNPATH_SEARCH_PATHS = (
					"$(inherited)",
					"@executable_path/Frameworks",
					"@loader_path/Frameworks",
				);
				PRODUCT_BUNDLE_IDENTIFIER = "com.MaitreeBain.SwiftUI-IntroTests";
				PRODUCT_NAME = "$(TARGET_NAME)";
				SWIFT_VERSION = 5.0;
				TARGETED_DEVICE_FAMILY = "1,2";
				TEST_HOST = "$(BUILT_PRODUCTS_DIR)/SwiftUI-Intro.app/SwiftUI-Intro";
			};
			name = Debug;
		};
		80C5DEEE2579447600B3F097 /* Release */ = {
			isa = XCBuildConfiguration;
			buildSettings = {
				ALWAYS_EMBED_SWIFT_STANDARD_LIBRARIES = YES;
				BUNDLE_LOADER = "$(TEST_HOST)";
				CODE_SIGN_STYLE = Automatic;
				DEVELOPMENT_TEAM = P547T297G7;
				INFOPLIST_FILE = "SwiftUI-IntroTests/Info.plist";
				IPHONEOS_DEPLOYMENT_TARGET = 13.4;
				LD_RUNPATH_SEARCH_PATHS = (
					"$(inherited)",
					"@executable_path/Frameworks",
					"@loader_path/Frameworks",
				);
				PRODUCT_BUNDLE_IDENTIFIER = "com.MaitreeBain.SwiftUI-IntroTests";
				PRODUCT_NAME = "$(TARGET_NAME)";
				SWIFT_VERSION = 5.0;
				TARGETED_DEVICE_FAMILY = "1,2";
				TEST_HOST = "$(BUILT_PRODUCTS_DIR)/SwiftUI-Intro.app/SwiftUI-Intro";
			};
			name = Release;
		};
/* End XCBuildConfiguration section */

/* Begin XCConfigurationList section */
		80C5DEC52579447500B3F097 /* Build configuration list for PBXProject "SwiftUI-Intro" */ = {
			isa = XCConfigurationList;
			buildConfigurations = (
				80C5DEE72579447600B3F097 /* Debug */,
				80C5DEE82579447600B3F097 /* Release */,
			);
			defaultConfigurationIsVisible = 0;
			defaultConfigurationName = Release;
		};
		80C5DEE92579447600B3F097 /* Build configuration list for PBXNativeTarget "SwiftUI-Intro" */ = {
			isa = XCConfigurationList;
			buildConfigurations = (
				80C5DEEA2579447600B3F097 /* Debug */,
				80C5DEEB2579447600B3F097 /* Release */,
			);
			defaultConfigurationIsVisible = 0;
			defaultConfigurationName = Release;
		};
		80C5DEEC2579447600B3F097 /* Build configuration list for PBXNativeTarget "SwiftUI-IntroTests" */ = {
			isa = XCConfigurationList;
			buildConfigurations = (
				80C5DEED2579447600B3F097 /* Debug */,
				80C5DEEE2579447600B3F097 /* Release */,
			);
			defaultConfigurationIsVisible = 0;
			defaultConfigurationName = Release;
		};
/* End XCConfigurationList section */
	};
	rootObject = 80C5DEC22579447500B3F097 /* Project object */;
}
